
Microsoft Visual Studio Solution File, Format Version 12.00
# Visual Studio Version 16
VisualStudioVersion = 16.0.31624.102
MinimumVisualStudioVersion = 10.0.40219.1
Project("{FAE04EC0-301F-11D3-BF4B-00C04F79EFBC}") = "Zoo", "Zoo\Zoo.csproj", "{BB6A526F-7FAC-4440-AC68-24DA2E795DDC}"
EndProject
Project("{FAE04EC0-301F-11D3-BF4B-00C04F79EFBC}") = "ClassLibrary1", "ClassLibrary1\ClassLibrary1.csproj", "{7085E30E-5DD7-4A68-ADB1-0A723FD41E05}"
EndProject
Global
	GlobalSection(SolutionConfigurationPlatforms) = preSolution
		Debug|Any CPU = Debug|Any CPU
		Release|Any CPU = Release|Any CPU
	EndGlobalSection
	GlobalSection(ProjectConfigurationPlatforms) = postSolution
		{BB6A526F-7FAC-4440-AC68-24DA2E795DDC}.Debug|Any CPU.ActiveCfg = Debug|Any CPU
		{BB6A526F-7FAC-4440-AC68-24DA2E795DDC}.Debug|Any CPU.Build.0 = Debug|Any CPU
		{BB6A526F-7FAC-4440-AC68-24DA2E795DDC}.Release|Any CPU.ActiveCfg = Release|Any CPU
		{BB6A526F-7FAC-4440-AC68-24DA2E795DDC}.Release|Any CPU.Build.0 = Release|Any CPU
		{7085E30E-5DD7-4A68-ADB1-0A723FD41E05}.Debug|Any CPU.ActiveCfg = Debug|Any CPU
		{7085E30E-5DD7-4A68-ADB1-0A723FD41E05}.Debug|Any CPU.Build.0 = Debug|Any CPU
		{7085E30E-5DD7-4A68-ADB1-0A723FD41E05}.Release|Any CPU.ActiveCfg = Release|Any CPU
		{7085E30E-5DD7-4A68-ADB1-0A723FD41E05}.Release|Any CPU.Build.0 = Release|Any CPU
	EndGlobalSection
	GlobalSection(SolutionProperties) = preSolution
		HideSolutionNode = FALSE
	EndGlobalSection
	GlobalSection(ExtensibilityGlobals) = postSolution
		SolutionGuid = {FC95686B-17F0-48E7-86ED-4A7D0B7B2E67}
	EndGlobalSection
EndGlobal
